// !$*UTF8*$!
{
	archiveVersion = 1;
	classes = {
	};
	objectVersion = 46;
	objects = {

/* Begin PBXBuildFile section */
		E80B02471DC8763E006CF658 /* HLBLEManager.m in Sources */ = {isa = PBXBuildFile; fileRef = E80B02461DC8763E006CF658 /* HLBLEManager.m */; };
		E80B024F1DC87646006CF658 /* HLPrinter.m in Sources */ = {isa = PBXBuildFile; fileRef = E80B024A1DC87646006CF658 /* HLPrinter.m */; };
		E80B02501DC87646006CF658 /* UIImage+Bitmap.m in Sources */ = {isa = PBXBuildFile; fileRef = E80B024C1DC87646006CF658 /* UIImage+Bitmap.m */; };
		E80B02511DC87646006CF658 /* UIWebView+UIImage.m in Sources */ = {isa = PBXBuildFile; fileRef = E80B024E1DC87646006CF658 /* UIWebView+UIImage.m */; };
		E80B025D1DC8764E006CF658 /* SVIndefiniteAnimatedView.m in Sources */ = {isa = PBXBuildFile; fileRef = E80B02541DC8764E006CF658 /* SVIndefiniteAnimatedView.m */; };
		E80B025E1DC8764E006CF658 /* SVProgressAnimatedView.m in Sources */ = {isa = PBXBuildFile; fileRef = E80B02561DC8764E006CF658 /* SVProgressAnimatedView.m */; };
		E80B025F1DC8764E006CF658 /* SVProgressHUD.bundle in Resources */ = {isa = PBXBuildFile; fileRef = E80B02581DC8764E006CF658 /* SVProgressHUD.bundle */; };
		E80B02601DC8764E006CF658 /* SVProgressHUD.m in Sources */ = {isa = PBXBuildFile; fileRef = E80B025A1DC8764E006CF658 /* SVProgressHUD.m */; };
		E80B02611DC8764E006CF658 /* SVRadialGradientLayer.m in Sources */ = {isa = PBXBuildFile; fileRef = E80B025C1DC8764E006CF658 /* SVRadialGradientLayer.m */; };
		E80B02641DC87670006CF658 /* BLEDetailViewController.m in Sources */ = {isa = PBXBuildFile; fileRef = E80B02631DC87670006CF658 /* BLEDetailViewController.m */; };
		E80B026F1DC881A3006CF658 /* OrderWebController.m in Sources */ = {isa = PBXBuildFile; fileRef = E80B026C1DC881A3006CF658 /* OrderWebController.m */; };
		E80B02701DC881A3006CF658 /* ShoppingViewController.m in Sources */ = {isa = PBXBuildFile; fileRef = E80B026E1DC881A3006CF658 /* ShoppingViewController.m */; };
		E80B02721DC884C4006CF658 /* ico180.png in Resources */ = {isa = PBXBuildFile; fileRef = E80B02711DC884C4006CF658 /* ico180.png */; };
		E80B02741DC8851D006CF658 /* index.html in Resources */ = {isa = PBXBuildFile; fileRef = E80B02731DC8851D006CF658 /* index.html */; };
		E80F6F0A1DE01C02006A8FFC /* SEPrinterManager.m in Sources */ = {isa = PBXBuildFile; fileRef = E80F6F091DE01C02006A8FFC /* SEPrinterManager.m */; };
		E80F6F0D1DE03D7F006A8FFC /* 110.png in Resources */ = {isa = PBXBuildFile; fileRef = E80F6F0C1DE03D7E006A8FFC /* 110.png */; };
		E8924B771DBF446B00BC6538 /* main.m in Sources */ = {isa = PBXBuildFile; fileRef = E8924B761DBF446B00BC6538 /* main.m */; };
		E8924B7A1DBF446B00BC6538 /* AppDelegate.m in Sources */ = {isa = PBXBuildFile; fileRef = E8924B791DBF446B00BC6538 /* AppDelegate.m */; };
		E8924B7D1DBF446B00BC6538 /* ViewController.m in Sources */ = {isa = PBXBuildFile; fileRef = E8924B7C1DBF446B00BC6538 /* ViewController.m */; };
		E8924B801DBF446B00BC6538 /* Main.storyboard in Resources */ = {isa = PBXBuildFile; fileRef = E8924B7E1DBF446B00BC6538 /* Main.storyboard */; };
		E8924B821DBF446B00BC6538 /* Assets.xcassets in Resources */ = {isa = PBXBuildFile; fileRef = E8924B811DBF446B00BC6538 /* Assets.xcassets */; };
		E8924B851DBF446B00BC6538 /* LaunchScreen.storyboard in Resources */ = {isa = PBXBuildFile; fileRef = E8924B831DBF446B00BC6538 /* LaunchScreen.storyboard */; };
		E8924B901DBF446B00BC6538 /* BluetoothDemoTests.m in Sources */ = {isa = PBXBuildFile; fileRef = E8924B8F1DBF446B00BC6538 /* BluetoothDemoTests.m */; };
		E8924B9B1DBF446B00BC6538 /* BluetoothDemoUITests.m in Sources */ = {isa = PBXBuildFile; fileRef = E8924B9A1DBF446B00BC6538 /* BluetoothDemoUITests.m */; };
		E8924BAA1DBF44A900BC6538 /* CoreBluetooth.framework in Frameworks */ = {isa = PBXBuildFile; fileRef = E8924BA91DBF44A900BC6538 /* CoreBluetooth.framework */; };
/* End PBXBuildFile section */

/* Begin PBXContainerItemProxy section */
		E8924B8C1DBF446B00BC6538 /* PBXContainerItemProxy */ = {
			isa = PBXContainerItemProxy;
			containerPortal = E8924B6A1DBF446A00BC6538 /* Project object */;
			proxyType = 1;
			remoteGlobalIDString = E8924B711DBF446B00BC6538;
			remoteInfo = BluetoothDemo;
		};
		E8924B971DBF446B00BC6538 /* PBXContainerItemProxy */ = {
			isa = PBXContainerItemProxy;
			containerPortal = E8924B6A1DBF446A00BC6538 /* Project object */;
			proxyType = 1;
			remoteGlobalIDString = E8924B711DBF446B00BC6538;
			remoteInfo = BluetoothDemo;
		};
/* End PBXContainerItemProxy section */

/* Begin PBXFileReference section */
		E80B02441DC8763E006CF658 /* HLBLEConst.h */ = {isa = PBXFileReference; fileEncoding = 4; lastKnownFileType = sourcecode.c.h; path = HLBLEConst.h; sourceTree = "<group>"; };
		E80B02451DC8763E006CF658 /* HLBLEManager.h */ = {isa = PBXFileReference; fileEncoding = 4; lastKnownFileType = sourcecode.c.h; path = HLBLEManager.h; sourceTree = "<group>"; };
		E80B02461DC8763E006CF658 /* HLBLEManager.m */ = {isa = PBXFileReference; fileEncoding = 4; lastKnownFileType = sourcecode.c.objc; path = HLBLEManager.m; sourceTree = "<group>"; };
		E80B02491DC87646006CF658 /* HLPrinter.h */ = {isa = PBXFileReference; fileEncoding = 4; lastKnownFileType = sourcecode.c.h; path = HLPrinter.h; sourceTree = "<group>"; };
		E80B024A1DC87646006CF658 /* HLPrinter.m */ = {isa = PBXFileReference; fileEncoding = 4; lastKnownFileType = sourcecode.c.objc; path = HLPrinter.m; sourceTree = "<group>"; };
		E80B024B1DC87646006CF658 /* UIImage+Bitmap.h */ = {isa = PBXFileReference; fileEncoding = 4; lastKnownFileType = sourcecode.c.h; path = "UIImage+Bitmap.h"; sourceTree = "<group>"; };
		E80B024C1DC87646006CF658 /* UIImage+Bitmap.m */ = {isa = PBXFileReference; fileEncoding = 4; lastKnownFileType = sourcecode.c.objc; path = "UIImage+Bitmap.m"; sourceTree = "<group>"; };
		E80B024D1DC87646006CF658 /* UIWebView+UIImage.h */ = {isa = PBXFileReference; fileEncoding = 4; lastKnownFileType = sourcecode.c.h; path = "UIWebView+UIImage.h"; sourceTree = "<group>"; };
		E80B024E1DC87646006CF658 /* UIWebView+UIImage.m */ = {isa = PBXFileReference; fileEncoding = 4; lastKnownFileType = sourcecode.c.objc; path = "UIWebView+UIImage.m"; sourceTree = "<group>"; };
		E80B02531DC8764E006CF658 /* SVIndefiniteAnimatedView.h */ = {isa = PBXFileReference; fileEncoding = 4; lastKnownFileType = sourcecode.c.h; path = SVIndefiniteAnimatedView.h; sourceTree = "<group>"; };
		E80B02541DC8764E006CF658 /* SVIndefiniteAnimatedView.m */ = {isa = PBXFileReference; fileEncoding = 4; lastKnownFileType = sourcecode.c.objc; path = SVIndefiniteAnimatedView.m; sourceTree = "<group>"; };
		E80B02551DC8764E006CF658 /* SVProgressAnimatedView.h */ = {isa = PBXFileReference; fileEncoding = 4; lastKnownFileType = sourcecode.c.h; path = SVProgressAnimatedView.h; sourceTree = "<group>"; };
		E80B02561DC8764E006CF658 /* SVProgressAnimatedView.m */ = {isa = PBXFileReference; fileEncoding = 4; lastKnownFileType = sourcecode.c.objc; path = SVProgressAnimatedView.m; sourceTree = "<group>"; };
		E80B02571DC8764E006CF658 /* SVProgressHUD-Prefix.pch */ = {isa = PBXFileReference; fileEncoding = 4; lastKnownFileType = sourcecode.c.h; path = "SVProgressHUD-Prefix.pch"; sourceTree = "<group>"; };
		E80B02581DC8764E006CF658 /* SVProgressHUD.bundle */ = {isa = PBXFileReference; lastKnownFileType = "wrapper.plug-in"; path = SVProgressHUD.bundle; sourceTree = "<group>"; };
		E80B02591DC8764E006CF658 /* SVProgressHUD.h */ = {isa = PBXFileReference; fileEncoding = 4; lastKnownFileType = sourcecode.c.h; path = SVProgressHUD.h; sourceTree = "<group>"; };
		E80B025A1DC8764E006CF658 /* SVProgressHUD.m */ = {isa = PBXFileReference; fileEncoding = 4; lastKnownFileType = sourcecode.c.objc; path = SVProgressHUD.m; sourceTree = "<group>"; };
		E80B025B1DC8764E006CF658 /* SVRadialGradientLayer.h */ = {isa = PBXFileReference; fileEncoding = 4; lastKnownFileType = sourcecode.c.h; path = SVRadialGradientLayer.h; sourceTree = "<group>"; };
		E80B025C1DC8764E006CF658 /* SVRadialGradientLayer.m */ = {isa = PBXFileReference; fileEncoding = 4; lastKnownFileType = sourcecode.c.objc; path = SVRadialGradientLayer.m; sourceTree = "<group>"; };
		E80B02621DC87670006CF658 /* BLEDetailViewController.h */ = {isa = PBXFileReference; fileEncoding = 4; lastKnownFileType = sourcecode.c.h; path = BLEDetailViewController.h; sourceTree = "<group>"; };
		E80B02631DC87670006CF658 /* BLEDetailViewController.m */ = {isa = PBXFileReference; fileEncoding = 4; lastKnownFileType = sourcecode.c.objc; path = BLEDetailViewController.m; sourceTree = "<group>"; };
		E80B026B1DC881A3006CF658 /* OrderWebController.h */ = {isa = PBXFileReference; fileEncoding = 4; lastKnownFileType = sourcecode.c.h; path = OrderWebController.h; sourceTree = "<group>"; };
		E80B026C1DC881A3006CF658 /* OrderWebController.m */ = {isa = PBXFileReference; fileEncoding = 4; lastKnownFileType = sourcecode.c.objc; path = OrderWebController.m; sourceTree = "<group>"; };
		E80B026D1DC881A3006CF658 /* ShoppingViewController.h */ = {isa = PBXFileReference; fileEncoding = 4; lastKnownFileType = sourcecode.c.h; path = ShoppingViewController.h; sourceTree = "<group>"; };
		E80B026E1DC881A3006CF658 /* ShoppingViewController.m */ = {isa = PBXFileReference; fileEncoding = 4; lastKnownFileType = sourcecode.c.objc; path = ShoppingViewController.m; sourceTree = "<group>"; };
		E80B02711DC884C4006CF658 /* ico180.png */ = {isa = PBXFileReference; lastKnownFileType = image.png; path = ico180.png; sourceTree = "<group>"; };
		E80B02731DC8851D006CF658 /* index.html */ = {isa = PBXFileReference; fileEncoding = 4; lastKnownFileType = text.html; path = index.html; sourceTree = "<group>"; };
		E80F6F081DE01C02006A8FFC /* SEPrinterManager.h */ = {isa = PBXFileReference; fileEncoding = 4; lastKnownFileType = sourcecode.c.h; path = SEPrinterManager.h; sourceTree = "<group>"; };
		E80F6F091DE01C02006A8FFC /* SEPrinterManager.m */ = {isa = PBXFileReference; fileEncoding = 4; lastKnownFileType = sourcecode.c.objc; path = SEPrinterManager.m; sourceTree = "<group>"; };
		E80F6F0B1DE01E4D006A8FFC /* SEBLEConst.h */ = {isa = PBXFileReference; lastKnownFileType = sourcecode.c.h; path = SEBLEConst.h; sourceTree = "<group>"; };
		E80F6F0C1DE03D7E006A8FFC /* 110.png */ = {isa = PBXFileReference; lastKnownFileType = image.png; path = 110.png; sourceTree = "<group>"; };
		E8924B721DBF446B00BC6538 /* BluetoothDemo.app */ = {isa = PBXFileReference; explicitFileType = wrapper.application; includeInIndex = 0; path = BluetoothDemo.app; sourceTree = BUILT_PRODUCTS_DIR; };
		E8924B761DBF446B00BC6538 /* main.m */ = {isa = PBXFileReference; lastKnownFileType = sourcecode.c.objc; path = main.m; sourceTree = "<group>"; };
		E8924B781DBF446B00BC6538 /* AppDelegate.h */ = {isa = PBXFileReference; lastKnownFileType = sourcecode.c.h; path = AppDelegate.h; sourceTree = "<group>"; };
		E8924B791DBF446B00BC6538 /* AppDelegate.m */ = {isa = PBXFileReference; lastKnownFileType = sourcecode.c.objc; path = AppDelegate.m; sourceTree = "<group>"; };
		E8924B7B1DBF446B00BC6538 /* ViewController.h */ = {isa = PBXFileReference; lastKnownFileType = sourcecode.c.h; path = ViewController.h; sourceTree = "<group>"; };
		E8924B7C1DBF446B00BC6538 /* ViewController.m */ = {isa = PBXFileReference; lastKnownFileType = sourcecode.c.objc; path = ViewController.m; sourceTree = "<group>"; };
		E8924B7F1DBF446B00BC6538 /* Base */ = {isa = PBXFileReference; lastKnownFileType = file.storyboard; name = Base; path = Base.lproj/Main.storyboard; sourceTree = "<group>"; };
		E8924B811DBF446B00BC6538 /* Assets.xcassets */ = {isa = PBXFileReference; lastKnownFileType = folder.assetcatalog; path = Assets.xcassets; sourceTree = "<group>"; };
		E8924B841DBF446B00BC6538 /* Base */ = {isa = PBXFileReference; lastKnownFileType = file.storyboard; name = Base; path = Base.lproj/LaunchScreen.storyboard; sourceTree = "<group>"; };
		E8924B861DBF446B00BC6538 /* Info.plist */ = {isa = PBXFileReference; lastKnownFileType = text.plist.xml; path = Info.plist; sourceTree = "<group>"; };
		E8924B8B1DBF446B00BC6538 /* BluetoothDemoTests.xctest */ = {isa = PBXFileReference; explicitFileType = wrapper.cfbundle; includeInIndex = 0; path = BluetoothDemoTests.xctest; sourceTree = BUILT_PRODUCTS_DIR; };
		E8924B8F1DBF446B00BC6538 /* BluetoothDemoTests.m */ = {isa = PBXFileReference; lastKnownFileType = sourcecode.c.objc; path = BluetoothDemoTests.m; sourceTree = "<group>"; };
		E8924B911DBF446B00BC6538 /* Info.plist */ = {isa = PBXFileReference; lastKnownFileType = text.plist.xml; path = Info.plist; sourceTree = "<group>"; };
		E8924B961DBF446B00BC6538 /* BluetoothDemoUITests.xctest */ = {isa = PBXFileReference; explicitFileType = wrapper.cfbundle; includeInIndex = 0; path = BluetoothDemoUITests.xctest; sourceTree = BUILT_PRODUCTS_DIR; };
		E8924B9A1DBF446B00BC6538 /* BluetoothDemoUITests.m */ = {isa = PBXFileReference; lastKnownFileType = sourcecode.c.objc; path = BluetoothDemoUITests.m; sourceTree = "<group>"; };
		E8924B9C1DBF446B00BC6538 /* Info.plist */ = {isa = PBXFileReference; lastKnownFileType = text.plist.xml; path = Info.plist; sourceTree = "<group>"; };
		E8924BA91DBF44A900BC6538 /* CoreBluetooth.framework */ = {isa = PBXFileReference; lastKnownFileType = wrapper.framework; name = CoreBluetooth.framework; path = System/Library/Frameworks/CoreBluetooth.framework; sourceTree = SDKROOT; };
/* End PBXFileReference section */

/* Begin PBXFrameworksBuildPhase section */
		E8924B6F1DBF446B00BC6538 /* Frameworks */ = {
			isa = PBXFrameworksBuildPhase;
			buildActionMask = 2147483647;
			files = (
				E8924BAA1DBF44A900BC6538 /* CoreBluetooth.framework in Frameworks */,
			);
			runOnlyForDeploymentPostprocessing = 0;
		};
		E8924B881DBF446B00BC6538 /* Frameworks */ = {
			isa = PBXFrameworksBuildPhase;
			buildActionMask = 2147483647;
			files = (
			);
			runOnlyForDeploymentPostprocessing = 0;
		};
		E8924B931DBF446B00BC6538 /* Frameworks */ = {
			isa = PBXFrameworksBuildPhase;
			buildActionMask = 2147483647;
			files = (
			);
			runOnlyForDeploymentPostprocessing = 0;
		};
/* End PBXFrameworksBuildPhase section */

/* Begin PBXGroup section */
		E80B02431DC8763E006CF658 /* HLBluetooth */ = {
			isa = PBXGroup;
			children = (
				E80B02441DC8763E006CF658 /* HLBLEConst.h */,
				E80B02451DC8763E006CF658 /* HLBLEManager.h */,
				E80B02461DC8763E006CF658 /* HLBLEManager.m */,
				E80F6F081DE01C02006A8FFC /* SEPrinterManager.h */,
				E80F6F091DE01C02006A8FFC /* SEPrinterManager.m */,
				E80F6F0B1DE01E4D006A8FFC /* SEBLEConst.h */,
			);
			path = HLBluetooth;
			sourceTree = "<group>";
		};
		E80B02481DC87646006CF658 /* HLPrinter */ = {
			isa = PBXGroup;
			children = (
				E80B02491DC87646006CF658 /* HLPrinter.h */,
				E80B024A1DC87646006CF658 /* HLPrinter.m */,
				E80B024B1DC87646006CF658 /* UIImage+Bitmap.h */,
				E80B024C1DC87646006CF658 /* UIImage+Bitmap.m */,
				E80B024D1DC87646006CF658 /* UIWebView+UIImage.h */,
				E80B024E1DC87646006CF658 /* UIWebView+UIImage.m */,
			);
			path = HLPrinter;
			sourceTree = "<group>";
		};
		E80B02521DC8764E006CF658 /* SVProgressHUD */ = {
			isa = PBXGroup;
			children = (
				E80B02531DC8764E006CF658 /* SVIndefiniteAnimatedView.h */,
				E80B02541DC8764E006CF658 /* SVIndefiniteAnimatedView.m */,
				E80B02551DC8764E006CF658 /* SVProgressAnimatedView.h */,
				E80B02561DC8764E006CF658 /* SVProgressAnimatedView.m */,
				E80B02571DC8764E006CF658 /* SVProgressHUD-Prefix.pch */,
				E80B02581DC8764E006CF658 /* SVProgressHUD.bundle */,
				E80B02591DC8764E006CF658 /* SVProgressHUD.h */,
				E80B025A1DC8764E006CF658 /* SVProgressHUD.m */,
				E80B025B1DC8764E006CF658 /* SVRadialGradientLayer.h */,
				E80B025C1DC8764E006CF658 /* SVRadialGradientLayer.m */,
			);
			path = SVProgressHUD;
			sourceTree = "<group>";
		};
		E8924B691DBF446A00BC6538 = {
			isa = PBXGroup;
			children = (
				E8924B741DBF446B00BC6538 /* BluetoothDemo */,
				E8924B8E1DBF446B00BC6538 /* BluetoothDemoTests */,
				E8924B991DBF446B00BC6538 /* BluetoothDemoUITests */,
				E8924B731DBF446B00BC6538 /* Products */,
				E8924BA81DBF44A800BC6538 /* Frameworks */,
			);
			sourceTree = "<group>";
		};
		E8924B731DBF446B00BC6538 /* Products */ = {
			isa = PBXGroup;
			children = (
				E8924B721DBF446B00BC6538 /* BluetoothDemo.app */,
				E8924B8B1DBF446B00BC6538 /* BluetoothDemoTests.xctest */,
				E8924B961DBF446B00BC6538 /* BluetoothDemoUITests.xctest */,
			);
			name = Products;
			sourceTree = "<group>";
		};
		E8924B741DBF446B00BC6538 /* BluetoothDemo */ = {
			isa = PBXGroup;
			children = (
				E80B02521DC8764E006CF658 /* SVProgressHUD */,
				E80B02481DC87646006CF658 /* HLPrinter */,
				E80B02431DC8763E006CF658 /* HLBluetooth */,
				E8924B781DBF446B00BC6538 /* AppDelegate.h */,
				E8924B791DBF446B00BC6538 /* AppDelegate.m */,
				E8924B7B1DBF446B00BC6538 /* ViewController.h */,
				E8924B7C1DBF446B00BC6538 /* ViewController.m */,
				E80B02621DC87670006CF658 /* BLEDetailViewController.h */,
				E80B02631DC87670006CF658 /* BLEDetailViewController.m */,
				E80B026B1DC881A3006CF658 /* OrderWebController.h */,
				E80B026C1DC881A3006CF658 /* OrderWebController.m */,
				E80B026D1DC881A3006CF658 /* ShoppingViewController.h */,
				E80B026E1DC881A3006CF658 /* ShoppingViewController.m */,
				E80F6F0C1DE03D7E006A8FFC /* 110.png */,
				E8924B7E1DBF446B00BC6538 /* Main.storyboard */,
				E8924B811DBF446B00BC6538 /* Assets.xcassets */,
				E8924B831DBF446B00BC6538 /* LaunchScreen.storyboard */,
				E8924B861DBF446B00BC6538 /* Info.plist */,
				E80B02711DC884C4006CF658 /* ico180.png */,
				E80B02731DC8851D006CF658 /* index.html */,
				E8924B751DBF446B00BC6538 /* Supporting Files */,
			);
			path = BluetoothDemo;
			sourceTree = "<group>";
		};
		E8924B751DBF446B00BC6538 /* Supporting Files */ = {
			isa = PBXGroup;
			children = (
				E8924B761DBF446B00BC6538 /* main.m */,
			);
			name = "Supporting Files";
			sourceTree = "<group>";
		};
		E8924B8E1DBF446B00BC6538 /* BluetoothDemoTests */ = {
			isa = PBXGroup;
			children = (
				E8924B8F1DBF446B00BC6538 /* BluetoothDemoTests.m */,
				E8924B911DBF446B00BC6538 /* Info.plist */,
			);
			path = BluetoothDemoTests;
			sourceTree = "<group>";
		};
		E8924B991DBF446B00BC6538 /* BluetoothDemoUITests */ = {
			isa = PBXGroup;
			children = (
				E8924B9A1DBF446B00BC6538 /* BluetoothDemoUITests.m */,
				E8924B9C1DBF446B00BC6538 /* Info.plist */,
			);
			path = BluetoothDemoUITests;
			sourceTree = "<group>";
		};
		E8924BA81DBF44A800BC6538 /* Frameworks */ = {
			isa = PBXGroup;
			children = (
				E8924BA91DBF44A900BC6538 /* CoreBluetooth.framework */,
			);
			name = Frameworks;
			sourceTree = "<group>";
		};
/* End PBXGroup section */

/* Begin PBXNativeTarget section */
		E8924B711DBF446B00BC6538 /* BluetoothDemo */ = {
			isa = PBXNativeTarget;
			buildConfigurationList = E8924B9F1DBF446B00BC6538 /* Build configuration list for PBXNativeTarget "BluetoothDemo" */;
			buildPhases = (
				E8924B6E1DBF446B00BC6538 /* Sources */,
				E8924B6F1DBF446B00BC6538 /* Frameworks */,
				E8924B701DBF446B00BC6538 /* Resources */,
			);
			buildRules = (
			);
			dependencies = (
			);
			name = BluetoothDemo;
			productName = BluetoothDemo;
			productReference = E8924B721DBF446B00BC6538 /* BluetoothDemo.app */;
			productType = "com.apple.product-type.application";
		};
		E8924B8A1DBF446B00BC6538 /* BluetoothDemoTests */ = {
			isa = PBXNativeTarget;
			buildConfigurationList = E8924BA21DBF446B00BC6538 /* Build configuration list for PBXNativeTarget "BluetoothDemoTests" */;
			buildPhases = (
				E8924B871DBF446B00BC6538 /* Sources */,
				E8924B881DBF446B00BC6538 /* Frameworks */,
				E8924B891DBF446B00BC6538 /* Resources */,
			);
			buildRules = (
			);
			dependencies = (
				E8924B8D1DBF446B00BC6538 /* PBXTargetDependency */,
			);
			name = BluetoothDemoTests;
			productName = BluetoothDemoTests;
			productReference = E8924B8B1DBF446B00BC6538 /* BluetoothDemoTests.xctest */;
			productType = "com.apple.product-type.bundle.unit-test";
		};
		E8924B951DBF446B00BC6538 /* BluetoothDemoUITests */ = {
			isa = PBXNativeTarget;
			buildConfigurationList = E8924BA51DBF446B00BC6538 /* Build configuration list for PBXNativeTarget "BluetoothDemoUITests" */;
			buildPhases = (
				E8924B921DBF446B00BC6538 /* Sources */,
				E8924B931DBF446B00BC6538 /* Frameworks */,
				E8924B941DBF446B00BC6538 /* Resources */,
			);
			buildRules = (
			);
			dependencies = (
				E8924B981DBF446B00BC6538 /* PBXTargetDependency */,
			);
			name = BluetoothDemoUITests;
			productName = BluetoothDemoUITests;
			productReference = E8924B961DBF446B00BC6538 /* BluetoothDemoUITests.xctest */;
			productType = "com.apple.product-type.bundle.ui-testing";
		};
/* End PBXNativeTarget section */

/* Begin PBXProject section */
		E8924B6A1DBF446A00BC6538 /* Project object */ = {
			isa = PBXProject;
			attributes = {
				LastUpgradeCheck = 0800;
				ORGANIZATIONNAME = DBOX;
				TargetAttributes = {
					E8924B711DBF446B00BC6538 = {
						CreatedOnToolsVersion = 8.0;
						DevelopmentTeam = QW9Z5KHRK8;
						ProvisioningStyle = Automatic;
					};
					E8924B8A1DBF446B00BC6538 = {
						CreatedOnToolsVersion = 8.0;
						ProvisioningStyle = Automatic;
						TestTargetID = E8924B711DBF446B00BC6538;
					};
					E8924B951DBF446B00BC6538 = {
						CreatedOnToolsVersion = 8.0;
						ProvisioningStyle = Automatic;
						TestTargetID = E8924B711DBF446B00BC6538;
					};
				};
			};
			buildConfigurationList = E8924B6D1DBF446A00BC6538 /* Build configuration list for PBXProject "BluetoothDemo" */;
			compatibilityVersion = "Xcode 3.2";
			developmentRegion = English;
			hasScannedForEncodings = 0;
			knownRegions = (
				en,
				Base,
			);
			mainGroup = E8924B691DBF446A00BC6538;
			productRefGroup = E8924B731DBF446B00BC6538 /* Products */;
			projectDirPath = "";
			projectRoot = "";
			targets = (
				E8924B711DBF446B00BC6538 /* BluetoothDemo */,
				E8924B8A1DBF446B00BC6538 /* BluetoothDemoTests */,
				E8924B951DBF446B00BC6538 /* BluetoothDemoUITests */,
			);
		};
/* End PBXProject section */

/* Begin PBXResourcesBuildPhase section */
		E8924B701DBF446B00BC6538 /* Resources */ = {
			isa = PBXResourcesBuildPhase;
			buildActionMask = 2147483647;
			files = (
				E8924B851DBF446B00BC6538 /* LaunchScreen.storyboard in Resources */,
				E8924B821DBF446B00BC6538 /* Assets.xcassets in Resources */,
				E80F6F0D1DE03D7F006A8FFC /* 110.png in Resources */,
				E8924B801DBF446B00BC6538 /* Main.storyboard in Resources */,
				E80B02741DC8851D006CF658 /* index.html in Resources */,
				E80B025F1DC8764E006CF658 /* SVProgressHUD.bundle in Resources */,
				E80B02721DC884C4006CF658 /* ico180.png in Resources */,
			);
			runOnlyForDeploymentPostprocessing = 0;
		};
		E8924B891DBF446B00BC6538 /* Resources */ = {
			isa = PBXResourcesBuildPhase;
			buildActionMask = 2147483647;
			files = (
			);
			runOnlyForDeploymentPostprocessing = 0;
		};
		E8924B941DBF446B00BC6538 /* Resources */ = {
			isa = PBXResourcesBuildPhase;
			buildActionMask = 2147483647;
			files = (
			);
			runOnlyForDeploymentPostprocessing = 0;
		};
/* End PBXResourcesBuildPhase section */

/* Begin PBXSourcesBuildPhase section */
		E8924B6E1DBF446B00BC6538 /* Sources */ = {
			isa = PBXSourcesBuildPhase;
			buildActionMask = 2147483647;
			files = (
				E80F6F0A1DE01C02006A8FFC /* SEPrinterManager.m in Sources */,
				E8924B7D1DBF446B00BC6538 /* ViewController.m in Sources */,
				E80B024F1DC87646006CF658 /* HLPrinter.m in Sources */,
				E8924B7A1DBF446B00BC6538 /* AppDelegate.m in Sources */,
				E80B025D1DC8764E006CF658 /* SVIndefiniteAnimatedView.m in Sources */,
				E8924B771DBF446B00BC6538 /* main.m in Sources */,
				E80B026F1DC881A3006CF658 /* OrderWebController.m in Sources */,
				E80B02701DC881A3006CF658 /* ShoppingViewController.m in Sources */,
				E80B02641DC87670006CF658 /* BLEDetailViewController.m in Sources */,
				E80B025E1DC8764E006CF658 /* SVProgressAnimatedView.m in Sources */,
				E80B02501DC87646006CF658 /* UIImage+Bitmap.m in Sources */,
				E80B02601DC8764E006CF658 /* SVProgressHUD.m in Sources */,
				E80B02511DC87646006CF658 /* UIWebView+UIImage.m in Sources */,
				E80B02471DC8763E006CF658 /* HLBLEManager.m in Sources */,
				E80B02611DC8764E006CF658 /* SVRadialGradientLayer.m in Sources */,
			);
			runOnlyForDeploymentPostprocessing = 0;
		};
		E8924B871DBF446B00BC6538 /* Sources */ = {
			isa = PBXSourcesBuildPhase;
			buildActionMask = 2147483647;
			files = (
				E8924B901DBF446B00BC6538 /* BluetoothDemoTests.m in Sources */,
			);
			runOnlyForDeploymentPostprocessing = 0;
		};
		E8924B921DBF446B00BC6538 /* Sources */ = {
			isa = PBXSourcesBuildPhase;
			buildActionMask = 2147483647;
			files = (
				E8924B9B1DBF446B00BC6538 /* BluetoothDemoUITests.m in Sources */,
			);
			runOnlyForDeploymentPostprocessing = 0;
		};
/* End PBXSourcesBuildPhase section */

/* Begin PBXTargetDependency section */
		E8924B8D1DBF446B00BC6538 /* PBXTargetDependency */ = {
			isa = PBXTargetDependency;
			target = E8924B711DBF446B00BC6538 /* BluetoothDemo */;
			targetProxy = E8924B8C1DBF446B00BC6538 /* PBXContainerItemProxy */;
		};
		E8924B981DBF446B00BC6538 /* PBXTargetDependency */ = {
			isa = PBXTargetDependency;
			target = E8924B711DBF446B00BC6538 /* BluetoothDemo */;
			targetProxy = E8924B971DBF446B00BC6538 /* PBXContainerItemProxy */;
		};
/* End PBXTargetDependency section */

/* Begin PBXVariantGroup section */
		E8924B7E1DBF446B00BC6538 /* Main.storyboard */ = {
			isa = PBXVariantGroup;
			children = (
				E8924B7F1DBF446B00BC6538 /* Base */,
			);
			name = Main.storyboard;
			sourceTree = "<group>";
		};
		E8924B831DBF446B00BC6538 /* LaunchScreen.storyboard */ = {
			isa = PBXVariantGroup;
			children = (
				E8924B841DBF446B00BC6538 /* Base */,
			);
			name = LaunchScreen.storyboard;
			sourceTree = "<group>";
		};
/* End PBXVariantGroup section */

/* Begin XCBuildConfiguration section */
		E8924B9D1DBF446B00BC6538 /* Debug */ = {
			isa = XCBuildConfiguration;
			buildSettings = {
				ALWAYS_SEARCH_USER_PATHS = NO;
				CLANG_ANALYZER_NONNULL = YES;
				CLANG_CXX_LANGUAGE_STANDARD = "gnu++0x";
				CLANG_CXX_LIBRARY = "libc++";
				CLANG_ENABLE_MODULES = YES;
				CLANG_ENABLE_OBJC_ARC = YES;
				CLANG_WARN_BOOL_CONVERSION = YES;
				CLANG_WARN_CONSTANT_CONVERSION = YES;
				CLANG_WARN_DIRECT_OBJC_ISA_USAGE = YES_ERROR;
				CLANG_WARN_DOCUMENTATION_COMMENTS = YES;
				CLANG_WARN_EMPTY_BODY = YES;
				CLANG_WARN_ENUM_CONVERSION = YES;
				CLANG_WARN_INFINITE_RECURSION = YES;
				CLANG_WARN_INT_CONVERSION = YES;
				CLANG_WARN_OBJC_ROOT_CLASS = YES_ERROR;
				CLANG_WARN_SUSPICIOUS_MOVES = YES;
				CLANG_WARN_UNREACHABLE_CODE = YES;
				CLANG_WARN__DUPLICATE_METHOD_MATCH = YES;
				"CODE_SIGN_IDENTITY[sdk=iphoneos*]" = "iPhone Developer";
				COPY_PHASE_STRIP = NO;
				DEBUG_INFORMATION_FORMAT = dwarf;
				ENABLE_STRICT_OBJC_MSGSEND = YES;
				ENABLE_TESTABILITY = YES;
				GCC_C_LANGUAGE_STANDARD = gnu99;
				GCC_DYNAMIC_NO_PIC = NO;
				GCC_NO_COMMON_BLOCKS = YES;
				GCC_OPTIMIZATION_LEVEL = 0;
				GCC_PREPROCESSOR_DEFINITIONS = (
					"DEBUG=1",
					"$(inherited)",
				);
				GCC_WARN_64_TO_32_BIT_CONVERSION = YES;
				GCC_WARN_ABOUT_RETURN_TYPE = YES_ERROR;
				GCC_WARN_UNDECLARED_SELECTOR = YES;
				GCC_WARN_UNINITIALIZED_AUTOS = YES_AGGRESSIVE;
				GCC_WARN_UNUSED_FUNCTION = YES;
				GCC_WARN_UNUSED_VARIABLE = YES;
				IPHONEOS_DEPLOYMENT_TARGET = 10.0;
				MTL_ENABLE_DEBUG_INFO = YES;
				ONLY_ACTIVE_ARCH = YES;
				SDKROOT = iphoneos;
			};
			name = Debug;
		};
		E8924B9E1DBF446B00BC6538 /* Release */ = {
			isa = XCBuildConfiguration;
			buildSettings = {
				ALWAYS_SEARCH_USER_PATHS = NO;
				CLANG_ANALYZER_NONNULL = YES;
				CLANG_CXX_LANGUAGE_STANDARD = "gnu++0x";
				CLANG_CXX_LIBRARY = "libc++";
				CLANG_ENABLE_MODULES = YES;
				CLANG_ENABLE_OBJC_ARC = YES;
				CLANG_WARN_BOOL_CONVERSION = YES;
				CLANG_WARN_CONSTANT_CONVERSION = YES;
				CLANG_WARN_DIRECT_OBJC_ISA_USAGE = YES_ERROR;
				CLANG_WARN_DOCUMENTATION_COMMENTS = YES;
				CLANG_WARN_EMPTY_BODY = YES;
				CLANG_WARN_ENUM_CONVERSION = YES;
				CLANG_WARN_INFINITE_RECURSION = YES;
				CLANG_WARN_INT_CONVERSION = YES;
				CLANG_WARN_OBJC_ROOT_CLASS = YES_ERROR;
				CLANG_WARN_SUSPICIOUS_MOVES = YES;
				CLANG_WARN_UNREACHABLE_CODE = YES;
				CLANG_WARN__DUPLICATE_METHOD_MATCH = YES;
				"CODE_SIGN_IDENTITY[sdk=iphoneos*]" = "iPhone Developer";
				COPY_PHASE_STRIP = NO;
				DEBUG_INFORMATION_FORMAT = "dwarf-with-dsym";
				ENABLE_NS_ASSERTIONS = NO;
				ENABLE_STRICT_OBJC_MSGSEND = YES;
				GCC_C_LANGUAGE_STANDARD = gnu99;
				GCC_NO_COMMON_BLOCKS = YES;
				GCC_WARN_64_TO_32_BIT_CONVERSION = YES;
				GCC_WARN_ABOUT_RETURN_TYPE = YES_ERROR;
				GCC_WARN_UNDECLARED_SELECTOR = YES;
				GCC_WARN_UNINITIALIZED_AUTOS = YES_AGGRESSIVE;
				GCC_WARN_UNUSED_FUNCTION = YES;
				GCC_WARN_UNUSED_VARIABLE = YES;
				IPHONEOS_DEPLOYMENT_TARGET = 10.0;
				MTL_ENABLE_DEBUG_INFO = NO;
				SDKROOT = iphoneos;
				VALIDATE_PRODUCT = YES;
			};
			name = Release;
		};
		E8924BA01DBF446B00BC6538 /* Debug */ = {
			isa = XCBuildConfiguration;
			buildSettings = {
				ASSETCATALOG_COMPILER_APPICON_NAME = AppIcon;
				DEVELOPMENT_TEAM = QW9Z5KHRK8;
				INFOPLIST_FILE = BluetoothDemo/Info.plist;
				IPHONEOS_DEPLOYMENT_TARGET = 8.0;
				LD_RUNPATH_SEARCH_PATHS = "$(inherited) @executable_path/Frameworks";
				PRODUCT_BUNDLE_IDENTIFIER = com.designbox.BluetoothDemo;
				PRODUCT_NAME = "$(TARGET_NAME)";
			};
			name = Debug;
		};
		E8924BA11DBF446B00BC6538 /* Release */ = {
			isa = XCBuildConfiguration;
			buildSettings = {
				ASSETCATALOG_COMPILER_APPICON_NAME = AppIcon;
				DEVELOPMENT_TEAM = QW9Z5KHRK8;
				INFOPLIST_FILE = BluetoothDemo/Info.plist;
				IPHONEOS_DEPLOYMENT_TARGET = 8.0;
				LD_RUNPATH_SEARCH_PATHS = "$(inherited) @executable_path/Frameworks";
				PRODUCT_BUNDLE_IDENTIFIER = com.designbox.BluetoothDemo;
				PRODUCT_NAME = "$(TARGET_NAME)";
			};
			name = Release;
		};
		E8924BA31DBF446B00BC6538 /* Debug */ = {
			isa = XCBuildConfiguration;
			buildSettings = {
				BUNDLE_LOADER = "$(TEST_HOST)";
				INFOPLIST_FILE = BluetoothDemoTests/Info.plist;
				LD_RUNPATH_SEARCH_PATHS = "$(inherited) @executable_path/Frameworks @loader_path/Frameworks";
				PRODUCT_BUNDLE_IDENTIFIER = com.designbox.BluetoothDemoTests;
				PRODUCT_NAME = "$(TARGET_NAME)";
				TEST_HOST = "$(BUILT_PRODUCTS_DIR)/BluetoothDemo.app/BluetoothDemo";
			};
			name = Debug;
		};
		E8924BA41DBF446B00BC6538 /* Release */ = {
			isa = XCBuildConfiguration;
			buildSettings = {
				BUNDLE_LOADER = "$(TEST_HOST)";
				INFOPLIST_FILE = BluetoothDemoTests/Info.plist;
				LD_RUNPATH_SEARCH_PATHS = "$(inherited) @executable_path/Frameworks @loader_path/Frameworks";
				PRODUCT_BUNDLE_IDENTIFIER = com.designbox.BluetoothDemoTests;
				PRODUCT_NAME = "$(TARGET_NAME)";
				TEST_HOST = "$(BUILT_PRODUCTS_DIR)/BluetoothDemo.app/BluetoothDemo";
			};
			name = Release;
		};
		E8924BA61DBF446B00BC6538 /* Debug */ = {
			isa = XCBuildConfiguration;
			buildSettings = {
				INFOPLIST_FILE = BluetoothDemoUITests/Info.plist;
				LD_RUNPATH_SEARCH_PATHS = "$(inherited) @executable_path/Frameworks @loader_path/Frameworks";
				PRODUCT_BUNDLE_IDENTIFIER = com.designbox.BluetoothDemoUITests;
				PRODUCT_NAME = "$(TARGET_NAME)";
				TEST_TARGET_NAME = BluetoothDemo;
			};
			name = Debug;
		};
		E8924BA71DBF446B00BC6538 /* Release */ = {
			isa = XCBuildConfiguration;
			buildSettings = {
				INFOPLIST_FILE = BluetoothDemoUITests/Info.plist;
				LD_RUNPATH_SEARCH_PATHS = "$(inherited) @executable_path/Frameworks @loader_path/Frameworks";
				PRODUCT_BUNDLE_IDENTIFIER = com.designbox.BluetoothDemoUITests;
				PRODUCT_NAME = "$(TARGET_NAME)";
				TEST_TARGET_NAME = BluetoothDemo;
			};
			name = Release;
		};
/* End XCBuildConfiguration section */

/* Begin XCConfigurationList section */
		E8924B6D1DBF446A00BC6538 /* Build configuration list for PBXProject "BluetoothDemo" */ = {
			isa = XCConfigurationList;
			buildConfigurations = (
				E8924B9D1DBF446B00BC6538 /* Debug */,
				E8924B9E1DBF446B00BC6538 /* Release */,
			);
			defaultConfigurationIsVisible = 0;
			defaultConfigurationName = Release;
		};
		E8924B9F1DBF446B00BC6538 /* Build configuration list for PBXNativeTarget "BluetoothDemo" */ = {
			isa = XCConfigurationList;
			buildConfigurations = (
				E8924BA01DBF446B00BC6538 /* Debug */,
				E8924BA11DBF446B00BC6538 /* Release */,
			);
			defaultConfigurationIsVisible = 0;
			defaultConfigurationName = Release;
		};
		E8924BA21DBF446B00BC6538 /* Build configuration list for PBXNativeTarget "BluetoothDemoTests" */ = {
			isa = XCConfigurationList;
			buildConfigurations = (
				E8924BA31DBF446B00BC6538 /* Debug */,
				E8924BA41DBF446B00BC6538 /* Release */,
			);
			defaultConfigurationIsVisible = 0;
			defaultConfigurationName = Release;
		};
		E8924BA51DBF446B00BC6538 /* Build configuration list for PBXNativeTarget "BluetoothDemoUITests" */ = {
			isa = XCConfigurationList;
			buildConfigurations = (
				E8924BA61DBF446B00BC6538 /* Debug */,
				E8924BA71DBF446B00BC6538 /* Release */,
			);
			defaultConfigurationIsVisible = 0;
			defaultConfigurationName = Release;
		};
/* End XCConfigurationList section */
	};
	rootObject = E8924B6A1DBF446A00BC6538 /* Project object */;
}
